
Microsoft Visual Studio Solution File, Format Version 12.00
# Visual Studio Version 17
VisualStudioVersion = 17.5.002.0
MinimumVisualStudioVersion = 10.0.40219.1
Project("{9A19103F-16F7-4668-BE54-9A1E7A4F7556}") = "apifuncionario", "apifuncionario.csproj", "{EA62D3C0-0C0F-46EF-8581-D3759167F8F8}"
EndProject
Global
	GlobalSection(SolutionConfigurationPlatforms) = preSolution
		Debug|Any CPU = Debug|Any CPU
		Release|Any CPU = Release|Any CPU
	EndGlobalSection
	GlobalSection(ProjectConfigurationPlatforms) = postSolution
		{EA62D3C0-0C0F-46EF-8581-D3759167F8F8}.Debug|Any CPU.ActiveCfg = Debug|Any CPU
		{EA62D3C0-0C0F-46EF-8581-D3759167F8F8}.Debug|Any CPU.Build.0 = Debug|Any CPU
		{EA62D3C0-0C0F-46EF-8581-D3759167F8F8}.Release|Any CPU.ActiveCfg = Release|Any CPU
		{EA62D3C0-0C0F-46EF-8581-D3759167F8F8}.Release|Any CPU.Build.0 = Release|Any CPU
	EndGlobalSection
	GlobalSection(SolutionProperties) = preSolution
		HideSolutionNode = FALSE
	EndGlobalSection
	GlobalSection(ExtensibilityGlobals) = postSolution
		SolutionGuid = {C7B0029D-EE99-47F3-A426-A3E84B8919B7}
	EndGlobalSection
EndGlobal
